
Microsoft Visual Studio Solution File, Format Version 12.00
# Visual Studio Version 17
VisualStudioVersion = 17.0.31903.59
MinimumVisualStudioVersion = 10.0.40219.1
Project("{FAE04EC0-301F-11D3-BF4B-00C04F79EFBC}") = "PrimeiroProjeto", "PrimeiroProjeto\PrimeiroProjeto.csproj", "{5FB65053-2B7E-4FBE-9EC7-D6B31A28C4AE}"
EndProject
Project("{FAE04EC0-301F-11D3-BF4B-00C04F79EFBC}") = "2-CriandoVariaveis", "2-CriandoVariaveis\2-CriandoVariaveis.csproj", "{82DFE0B0-6FF7-4AC0-B0B7-F031E85E00A2}"
EndProject
Project("{FAE04EC0-301F-11D3-BF4B-00C04F79EFBC}") = "3-CriandoVariaveisPontoFlutuante", "3-CriandoVariaveisPontoFlutuante\3-CriandoVariaveisPontoFlutuante.csproj", "{27E6ED0A-7E08-46E2-AD12-CFBEBF00D702}"
EndProject
Project("{FAE04EC0-301F-11D3-BF4B-00C04F79EFBC}") = "4-ConversoesEOutrosTiposNumericos", "4-ConversoesEOutrosTiposNumericos\4-ConversoesEOutrosTiposNumericos.csproj", "{7B96F39B-4621-4121-86A7-5377E38A88B9}"
EndProject
Project("{FAE04EC0-301F-11D3-BF4B-00C04F79EFBC}") = "5-CaracteresETextos", "5-CaracteresETextos\5-CaracteresETextos.csproj", "{FAF916D4-36FA-444F-BF7F-EA07126C25A7}"
EndProject
Project("{FAE04EC0-301F-11D3-BF4B-00C04F79EFBC}") = "6-AtribuiçõesDeVariaveis", "6-AtribuiçõesDeVariaveis\6-AtribuiçõesDeVariaveis.csproj", "{E6D1EF08-793D-49F7-8724-F8B2CC7309E3}"
EndProject
Project("{FAE04EC0-301F-11D3-BF4B-00C04F79EFBC}") = "7-Condicionais", "7-Condicionais\7-Condicionais.csproj", "{33CDE1DA-7990-4920-8415-8F7CCF3046C5}"
EndProject
Project("{FAE04EC0-301F-11D3-BF4B-00C04F79EFBC}") = "8-Condicionais2", "8-Condicionais2\8-Condicionais2.csproj", "{E3198B38-2D6B-4B15-BF85-56772307F04A}"
EndProject
Global
	GlobalSection(SolutionConfigurationPlatforms) = preSolution
		Debug|Any CPU = Debug|Any CPU
		Release|Any CPU = Release|Any CPU
	EndGlobalSection
	GlobalSection(ProjectConfigurationPlatforms) = postSolution
		{5FB65053-2B7E-4FBE-9EC7-D6B31A28C4AE}.Debug|Any CPU.ActiveCfg = Debug|Any CPU
		{5FB65053-2B7E-4FBE-9EC7-D6B31A28C4AE}.Debug|Any CPU.Build.0 = Debug|Any CPU
		{5FB65053-2B7E-4FBE-9EC7-D6B31A28C4AE}.Release|Any CPU.ActiveCfg = Release|Any CPU
		{5FB65053-2B7E-4FBE-9EC7-D6B31A28C4AE}.Release|Any CPU.Build.0 = Release|Any CPU
		{82DFE0B0-6FF7-4AC0-B0B7-F031E85E00A2}.Debug|Any CPU.ActiveCfg = Debug|Any CPU
		{82DFE0B0-6FF7-4AC0-B0B7-F031E85E00A2}.Debug|Any CPU.Build.0 = Debug|Any CPU
		{82DFE0B0-6FF7-4AC0-B0B7-F031E85E00A2}.Release|Any CPU.ActiveCfg = Release|Any CPU
		{82DFE0B0-6FF7-4AC0-B0B7-F031E85E00A2}.Release|Any CPU.Build.0 = Release|Any CPU
		{27E6ED0A-7E08-46E2-AD12-CFBEBF00D702}.Debug|Any CPU.ActiveCfg = Debug|Any CPU
		{27E6ED0A-7E08-46E2-AD12-CFBEBF00D702}.Debug|Any CPU.Build.0 = Debug|Any CPU
		{27E6ED0A-7E08-46E2-AD12-CFBEBF00D702}.Release|Any CPU.ActiveCfg = Release|Any CPU
		{27E6ED0A-7E08-46E2-AD12-CFBEBF00D702}.Release|Any CPU.Build.0 = Release|Any CPU
		{7B96F39B-4621-4121-86A7-5377E38A88B9}.Debug|Any CPU.ActiveCfg = Debug|Any CPU
		{7B96F39B-4621-4121-86A7-5377E38A88B9}.Debug|Any CPU.Build.0 = Debug|Any CPU
		{7B96F39B-4621-4121-86A7-5377E38A88B9}.Release|Any CPU.ActiveCfg = Release|Any CPU
		{7B96F39B-4621-4121-86A7-5377E38A88B9}.Release|Any CPU.Build.0 = Release|Any CPU
		{FAF916D4-36FA-444F-BF7F-EA07126C25A7}.Debug|Any CPU.ActiveCfg = Debug|Any CPU
		{FAF916D4-36FA-444F-BF7F-EA07126C25A7}.Debug|Any CPU.Build.0 = Debug|Any CPU
		{FAF916D4-36FA-444F-BF7F-EA07126C25A7}.Release|Any CPU.ActiveCfg = Release|Any CPU
		{FAF916D4-36FA-444F-BF7F-EA07126C25A7}.Release|Any CPU.Build.0 = Release|Any CPU
		{E6D1EF08-793D-49F7-8724-F8B2CC7309E3}.Debug|Any CPU.ActiveCfg = Debug|Any CPU
		{E6D1EF08-793D-49F7-8724-F8B2CC7309E3}.Debug|Any CPU.Build.0 = Debug|Any CPU
		{E6D1EF08-793D-49F7-8724-F8B2CC7309E3}.Release|Any CPU.ActiveCfg = Release|Any CPU
		{E6D1EF08-793D-49F7-8724-F8B2CC7309E3}.Release|Any CPU.Build.0 = Release|Any CPU
		{33CDE1DA-7990-4920-8415-8F7CCF3046C5}.Debug|Any CPU.ActiveCfg = Debug|Any CPU
		{33CDE1DA-7990-4920-8415-8F7CCF3046C5}.Debug|Any CPU.Build.0 = Debug|Any CPU
		{33CDE1DA-7990-4920-8415-8F7CCF3046C5}.Release|Any CPU.ActiveCfg = Release|Any CPU
		{33CDE1DA-7990-4920-8415-8F7CCF3046C5}.Release|Any CPU.Build.0 = Release|Any CPU
		{E3198B38-2D6B-4B15-BF85-56772307F04A}.Debug|Any CPU.ActiveCfg = Debug|Any CPU
		{E3198B38-2D6B-4B15-BF85-56772307F04A}.Debug|Any CPU.Build.0 = Debug|Any CPU
		{E3198B38-2D6B-4B15-BF85-56772307F04A}.Release|Any CPU.ActiveCfg = Release|Any CPU
		{E3198B38-2D6B-4B15-BF85-56772307F04A}.Release|Any CPU.Build.0 = Release|Any CPU
	EndGlobalSection
	GlobalSection(SolutionProperties) = preSolution
		HideSolutionNode = FALSE
	EndGlobalSection
	GlobalSection(ExtensibilityGlobals) = postSolution
		SolutionGuid = {EDBA5E56-4702-4F88-A5E9-ED9F34D49558}
	EndGlobalSection
EndGlobal
